%{
  "decimal": {:hex, :decimal, "2.3.0", "3ad6255aa77b4a3c4f818171b12d237500e63525c2fd056699967a3e7ea20f62", [:mix], [], "hexpm", "a4d66355cb29cb47c3cf30e71329e58361cfcb37c34235ef3bf1d7bf3773aeac"},
  "delta": {:hex, :delta, "0.4.1", "d5234b77259584765d72aa8b8db33b3cf2daa84a78efc50a99afa25eedd779ff", [:mix], [{:diff_match_patch, "~> 0.2", [hex: :diff_match_patch, repo: "hexpm", optional: false]}, {:diffy, "~> 1.1", [hex: :diffy, repo: "hexpm", optional: false]}], "hexpm", "44d3cc25157a555383413cc72dd6fc28c5c67344c22dab3858d7f6e0e5a58cd3"},
  "diff_match_patch": {:hex, :diff_match_patch, "0.3.0", "8741299f6e43d701dc160e28738440f53af0969e3cea79d2d8e57f8dcb631d26", [:mix], [], "hexpm", "cf377f0d7dc4d40cd68fc580c26047351f217be729565e944f8cea36b19013b7"},
  "diffy": {:hex, :diffy, "1.1.2", "7060e34fd512f210056b7e66e8d315cb90d06b97a6656d92fc299eb91692e36e", [:rebar3], [{:proper, "~> 1.2.0", [hex: :proper, repo: "hexpm", optional: false]}, {:zotonic_stdlib, "1.2.3", [hex: :zotonic_stdlib, repo: "hexpm", optional: false]}], "hexpm", "9a59bbdcafb6b115b5099711f7f114edb00be11658cef08ef26e04f8040c7149"},
  "ecto": {:hex, :ecto, "3.12.5", "4a312960ce612e17337e7cefcf9be45b95a3be6b36b6f94dfb3d8c361d631866", [:mix], [{:decimal, "~> 2.0", [hex: :decimal, repo: "hexpm", optional: false]}, {:jason, "~> 1.0", [hex: :jason, repo: "hexpm", optional: true]}, {:telemetry, "~> 0.4 or ~> 1.0", [hex: :telemetry, repo: "hexpm", optional: false]}], "hexpm", "6eb18e80bef8bb57e17f5a7f068a1719fbda384d40fc37acb8eb8aeca493b6ea"},
  "ecto_ulid": {:hex, :ecto_ulid, "0.3.0", "fd6426ff30da547d6f5c31e43170ad307cbda2e680c7793c891e9ef86bd68dbe", [:mix], [{:ecto, "~> 2.0 or ~> 3.0", [hex: :ecto, repo: "hexpm", optional: false]}], "hexpm", "82cb3be73635587700f1a4aec08e4ad894e7b3d2f6ed63236b9f3afd3859c74d"},
  "proper": {:hex, :proper, "1.2.0", "1466492385959412a02871505434e72e92765958c60dba144b43863554b505a4", [:make, :mix, :rebar3], [], "hexpm", "cbc3766c08337806741343d330bf4bcb826155d2141be8514c4b02858aa19fd3"},
  "telemetry": {:hex, :telemetry, "1.3.0", "fedebbae410d715cf8e7062c96a1ef32ec22e764197f70cda73d82778d61e7a2", [:rebar3], [], "hexpm", "7015fc8919dbe63764f4b4b87a95b7c0996bd539e0d499be6ec9d7f3875b79e6"},
  "zotonic_stdlib": {:hex, :zotonic_stdlib, "1.2.3", "4a33b60c82379169c9934ccd1fc9e512ca16b922e131ad6b6d26e562f66df9cc", [:rebar3], [], "hexpm", "4712dd7a0c0c600afedafda738d40febf10cfc2485e62d109361fcc190f7381a"},
}
